// !$*UTF8*$!
{
	archiveVersion = 1;
	classes = {
	};
	objectVersion = 50;
	objects = {

/* Begin PBXBuildFile section */
		DEDC892B255A82CA001ACDCA /* AppDelegate.swift in Sources */ = {isa = PBXBuildFile; fileRef = DEDC892A255A82CA001ACDCA /* AppDelegate.swift */; };
		DEDC892D255A82CA001ACDCA /* ViewController.swift in Sources */ = {isa = PBXBuildFile; fileRef = DEDC892C255A82CA001ACDCA /* ViewController.swift */; };
		DEDC8930255A82CA001ACDCA /* VimPdf.xcdatamodeld in Sources */ = {isa = PBXBuildFile; fileRef = DEDC892E255A82CA001ACDCA /* VimPdf.xcdatamodeld */; };
		DEDC8932255A82CD001ACDCA /* Assets.xcassets in Resources */ = {isa = PBXBuildFile; fileRef = DEDC8931255A82CD001ACDCA /* Assets.xcassets */; };
		DEDC8935255A82CD001ACDCA /* Main.storyboard in Resources */ = {isa = PBXBuildFile; fileRef = DEDC8933255A82CD001ACDCA /* Main.storyboard */; };
		DEDC8940255AD84F001ACDCA /* FileOpener.swift in Sources */ = {isa = PBXBuildFile; fileRef = DEDC893F255AD84F001ACDCA /* FileOpener.swift */; };
		DEDC8943255AE26A001ACDCA /* CQueue.swift in Sources */ = {isa = PBXBuildFile; fileRef = DEDC8942255AE26A001ACDCA /* CQueue.swift */; };
/* End PBXBuildFile section */

/* Begin PBXFileReference section */
		DEDC8927255A82CA001ACDCA /* VimPdf.app */ = {isa = PBXFileReference; explicitFileType = wrapper.application; includeInIndex = 0; path = VimPdf.app; sourceTree = BUILT_PRODUCTS_DIR; };
		DEDC892A255A82CA001ACDCA /* AppDelegate.swift */ = {isa = PBXFileReference; lastKnownFileType = sourcecode.swift; path = AppDelegate.swift; sourceTree = "<group>"; };
		DEDC892C255A82CA001ACDCA /* ViewController.swift */ = {isa = PBXFileReference; lastKnownFileType = sourcecode.swift; path = ViewController.swift; sourceTree = "<group>"; };
		DEDC892F255A82CA001ACDCA /* VimPdf.xcdatamodel */ = {isa = PBXFileReference; lastKnownFileType = wrapper.xcdatamodel; path = VimPdf.xcdatamodel; sourceTree = "<group>"; };
		DEDC8931255A82CD001ACDCA /* Assets.xcassets */ = {isa = PBXFileReference; lastKnownFileType = folder.assetcatalog; path = Assets.xcassets; sourceTree = "<group>"; };
		DEDC8934255A82CD001ACDCA /* Base */ = {isa = PBXFileReference; lastKnownFileType = file.storyboard; name = Base; path = Base.lproj/Main.storyboard; sourceTree = "<group>"; };
		DEDC8936255A82CD001ACDCA /* Info.plist */ = {isa = PBXFileReference; lastKnownFileType = text.plist.xml; path = Info.plist; sourceTree = "<group>"; };
		DEDC8937255A82CD001ACDCA /* VimPdf.entitlements */ = {isa = PBXFileReference; lastKnownFileType = text.plist.entitlements; path = VimPdf.entitlements; sourceTree = "<group>"; };
		DEDC893F255AD84F001ACDCA /* FileOpener.swift */ = {isa = PBXFileReference; lastKnownFileType = sourcecode.swift; path = FileOpener.swift; sourceTree = "<group>"; };
		DEDC8942255AE26A001ACDCA /* CQueue.swift */ = {isa = PBXFileReference; lastKnownFileType = sourcecode.swift; path = CQueue.swift; sourceTree = "<group>"; };
/* End PBXFileReference section */

/* Begin PBXFrameworksBuildPhase section */
		DEDC8924255A82CA001ACDCA /* Frameworks */ = {
			isa = PBXFrameworksBuildPhase;
			buildActionMask = 2147483647;
			files = (
			);
			runOnlyForDeploymentPostprocessing = 0;
		};
/* End PBXFrameworksBuildPhase section */

/* Begin PBXGroup section */
		DEDC891E255A82CA001ACDCA = {
			isa = PBXGroup;
			children = (
				DEDC8929255A82CA001ACDCA /* VimPdf */,
				DEDC8928255A82CA001ACDCA /* Products */,
			);
			sourceTree = "<group>";
		};
		DEDC8928255A82CA001ACDCA /* Products */ = {
			isa = PBXGroup;
			children = (
				DEDC8927255A82CA001ACDCA /* VimPdf.app */,
			);
			name = Products;
			sourceTree = "<group>";
		};
		DEDC8929255A82CA001ACDCA /* VimPdf */ = {
			isa = PBXGroup;
			children = (
				DEDC892A255A82CA001ACDCA /* AppDelegate.swift */,
				DEDC892C255A82CA001ACDCA /* ViewController.swift */,
				DEDC8931255A82CD001ACDCA /* Assets.xcassets */,
				DEDC8933255A82CD001ACDCA /* Main.storyboard */,
				DEDC8936255A82CD001ACDCA /* Info.plist */,
				DEDC8937255A82CD001ACDCA /* VimPdf.entitlements */,
				DEDC892E255A82CA001ACDCA /* VimPdf.xcdatamodeld */,
				DEDC893F255AD84F001ACDCA /* FileOpener.swift */,
				DEDC8942255AE26A001ACDCA /* CQueue.swift */,
			);
			path = VimPdf;
			sourceTree = "<group>";
		};
/* End PBXGroup section */

/* Begin PBXNativeTarget section */
		DEDC8926255A82CA001ACDCA /* VimPdf */ = {
			isa = PBXNativeTarget;
			buildConfigurationList = DEDC893A255A82CD001ACDCA /* Build configuration list for PBXNativeTarget "VimPdf" */;
			buildPhases = (
				DEDC8923255A82CA001ACDCA /* Sources */,
				DEDC8924255A82CA001ACDCA /* Frameworks */,
				DEDC8925255A82CA001ACDCA /* Resources */,
			);
			buildRules = (
			);
			dependencies = (
			);
			name = VimPdf;
			productName = VimPdf;
			productReference = DEDC8927255A82CA001ACDCA /* VimPdf.app */;
			productType = "com.apple.product-type.application";
		};
/* End PBXNativeTarget section */

/* Begin PBXProject section */
		DEDC891F255A82CA001ACDCA /* Project object */ = {
			isa = PBXProject;
			attributes = {
				LastSwiftUpdateCheck = 1210;
				LastUpgradeCheck = 1210;
				TargetAttributes = {
					DEDC8926255A82CA001ACDCA = {
						CreatedOnToolsVersion = 12.1;
					};
				};
			};
			buildConfigurationList = DEDC8922255A82CA001ACDCA /* Build configuration list for PBXProject "VimPdf" */;
			compatibilityVersion = "Xcode 9.3";
			developmentRegion = en;
			hasScannedForEncodings = 0;
			knownRegions = (
				en,
				Base,
			);
			mainGroup = DEDC891E255A82CA001ACDCA;
			productRefGroup = DEDC8928255A82CA001ACDCA /* Products */;
			projectDirPath = "";
			projectRoot = "";
			targets = (
				DEDC8926255A82CA001ACDCA /* VimPdf */,
			);
		};
/* End PBXProject section */

/* Begin PBXResourcesBuildPhase section */
		DEDC8925255A82CA001ACDCA /* Resources */ = {
			isa = PBXResourcesBuildPhase;
			buildActionMask = 2147483647;
			files = (
				DEDC8932255A82CD001ACDCA /* Assets.xcassets in Resources */,
				DEDC8935255A82CD001ACDCA /* Main.storyboard in Resources */,
			);
			runOnlyForDeploymentPostprocessing = 0;
		};
/* End PBXResourcesBuildPhase section */

/* Begin PBXSourcesBuildPhase section */
		DEDC8923255A82CA001ACDCA /* Sources */ = {
			isa = PBXSourcesBuildPhase;
			buildActionMask = 2147483647;
			files = (
				DEDC8940255AD84F001ACDCA /* FileOpener.swift in Sources */,
				DEDC892D255A82CA001ACDCA /* ViewController.swift in Sources */,
				DEDC892B255A82CA001ACDCA /* AppDelegate.swift in Sources */,
				DEDC8943255AE26A001ACDCA /* CQueue.swift in Sources */,
				DEDC8930255A82CA001ACDCA /* VimPdf.xcdatamodeld in Sources */,
			);
			runOnlyForDeploymentPostprocessing = 0;
		};
/* End PBXSourcesBuildPhase section */

/* Begin PBXVariantGroup section */
		DEDC8933255A82CD001ACDCA /* Main.storyboard */ = {
			isa = PBXVariantGroup;
			children = (
				DEDC8934255A82CD001ACDCA /* Base */,
			);
			name = Main.storyboard;
			sourceTree = "<group>";
		};
/* End PBXVariantGroup section */

/* Begin XCBuildConfiguration section */
		DEDC8938255A82CD001ACDCA /* Debug */ = {
			isa = XCBuildConfiguration;
			buildSettings = {
				ALWAYS_SEARCH_USER_PATHS = NO;
				CLANG_ANALYZER_NONNULL = YES;
				CLANG_ANALYZER_NUMBER_OBJECT_CONVERSION = YES_AGGRESSIVE;
				CLANG_CXX_LANGUAGE_STANDARD = "gnu++14";
				CLANG_CXX_LIBRARY = "libc++";
				CLANG_ENABLE_MODULES = YES;
				CLANG_ENABLE_OBJC_ARC = YES;
				CLANG_ENABLE_OBJC_WEAK = YES;
				CLANG_WARN_BLOCK_CAPTURE_AUTORELEASING = YES;
				CLANG_WARN_BOOL_CONVERSION = YES;
				CLANG_WARN_COMMA = YES;
				CLANG_WARN_CONSTANT_CONVERSION = YES;
				CLANG_WARN_DEPRECATED_OBJC_IMPLEMENTATIONS = YES;
				CLANG_WARN_DIRECT_OBJC_ISA_USAGE = YES_ERROR;
				CLANG_WARN_DOCUMENTATION_COMMENTS = YES;
				CLANG_WARN_EMPTY_BODY = YES;
				CLANG_WARN_ENUM_CONVERSION = YES;
				CLANG_WARN_INFINITE_RECURSION = YES;
				CLANG_WARN_INT_CONVERSION = YES;
				CLANG_WARN_NON_LITERAL_NULL_CONVERSION = YES;
				CLANG_WARN_OBJC_IMPLICIT_RETAIN_SELF = YES;
				CLANG_WARN_OBJC_LITERAL_CONVERSION = YES;
				CLANG_WARN_OBJC_ROOT_CLASS = YES_ERROR;
				CLANG_WARN_QUOTED_INCLUDE_IN_FRAMEWORK_HEADER = YES;
				CLANG_WARN_RANGE_LOOP_ANALYSIS = YES;
				CLANG_WARN_STRICT_PROTOTYPES = YES;
				CLANG_WARN_SUSPICIOUS_MOVE = YES;
				CLANG_WARN_UNGUARDED_AVAILABILITY = YES_AGGRESSIVE;
				CLANG_WARN_UNREACHABLE_CODE = YES;
				CLANG_WARN__DUPLICATE_METHOD_MATCH = YES;
				COPY_PHASE_STRIP = NO;
				DEBUG_INFORMATION_FORMAT = dwarf;
				ENABLE_STRICT_OBJC_MSGSEND = YES;
				ENABLE_TESTABILITY = YES;
				GCC_C_LANGUAGE_STANDARD = gnu11;
				GCC_DYNAMIC_NO_PIC = NO;
				GCC_NO_COMMON_BLOCKS = YES;
				GCC_OPTIMIZATION_LEVEL = 0;
				GCC_PREPROCESSOR_DEFINITIONS = (
					"DEBUG=1",
					"$(inherited)",
				);
				GCC_WARN_64_TO_32_BIT_CONVERSION = YES;
				GCC_WARN_ABOUT_RETURN_TYPE = YES_ERROR;
				GCC_WARN_UNDECLARED_SELECTOR = YES;
				GCC_WARN_UNINITIALIZED_AUTOS = YES_AGGRESSIVE;
				GCC_WARN_UNUSED_FUNCTION = YES;
				GCC_WARN_UNUSED_VARIABLE = YES;
				MACOSX_DEPLOYMENT_TARGET = 10.15;
				MTL_ENABLE_DEBUG_INFO = INCLUDE_SOURCE;
				MTL_FAST_MATH = YES;
				ONLY_ACTIVE_ARCH = YES;
				SDKROOT = macosx;
				SWIFT_ACTIVE_COMPILATION_CONDITIONS = DEBUG;
				SWIFT_OPTIMIZATION_LEVEL = "-Onone";
			};
			name = Debug;
		};
		DEDC8939255A82CD001ACDCA /* Release */ = {
			isa = XCBuildConfiguration;
			buildSettings = {
				ALWAYS_SEARCH_USER_PATHS = NO;
				CLANG_ANALYZER_NONNULL = YES;
				CLANG_ANALYZER_NUMBER_OBJECT_CONVERSION = YES_AGGRESSIVE;
				CLANG_CXX_LANGUAGE_STANDARD = "gnu++14";
				CLANG_CXX_LIBRARY = "libc++";
				CLANG_ENABLE_MODULES = YES;
				CLANG_ENABLE_OBJC_ARC = YES;
				CLANG_ENABLE_OBJC_WEAK = YES;
				CLANG_WARN_BLOCK_CAPTURE_AUTORELEASING = YES;
				CLANG_WARN_BOOL_CONVERSION = YES;
				CLANG_WARN_COMMA = YES;
				CLANG_WARN_CONSTANT_CONVERSION = YES;
				CLANG_WARN_DEPRECATED_OBJC_IMPLEMENTATIONS = YES;
				CLANG_WARN_DIRECT_OBJC_ISA_USAGE = YES_ERROR;
				CLANG_WARN_DOCUMENTATION_COMMENTS = YES;
				CLANG_WARN_EMPTY_BODY = YES;
				CLANG_WARN_ENUM_CONVERSION = YES;
				CLANG_WARN_INFINITE_RECURSION = YES;
				CLANG_WARN_INT_CONVERSION = YES;
				CLANG_WARN_NON_LITERAL_NULL_CONVERSION = YES;
				CLANG_WARN_OBJC_IMPLICIT_RETAIN_SELF = YES;
				CLANG_WARN_OBJC_LITERAL_CONVERSION = YES;
				CLANG_WARN_OBJC_ROOT_CLASS = YES_ERROR;
				CLANG_WARN_QUOTED_INCLUDE_IN_FRAMEWORK_HEADER = YES;
				CLANG_WARN_RANGE_LOOP_ANALYSIS = YES;
				CLANG_WARN_STRICT_PROTOTYPES = YES;
				CLANG_WARN_SUSPICIOUS_MOVE = YES;
				CLANG_WARN_UNGUARDED_AVAILABILITY = YES_AGGRESSIVE;
				CLANG_WARN_UNREACHABLE_CODE = YES;
				CLANG_WARN__DUPLICATE_METHOD_MATCH = YES;
				COPY_PHASE_STRIP = NO;
				DEBUG_INFORMATION_FORMAT = "dwarf-with-dsym";
				ENABLE_NS_ASSERTIONS = NO;
				ENABLE_STRICT_OBJC_MSGSEND = YES;
				GCC_C_LANGUAGE_STANDARD = gnu11;
				GCC_NO_COMMON_BLOCKS = YES;
				GCC_WARN_64_TO_32_BIT_CONVERSION = YES;
				GCC_WARN_ABOUT_RETURN_TYPE = YES_ERROR;
				GCC_WARN_UNDECLARED_SELECTOR = YES;
				GCC_WARN_UNINITIALIZED_AUTOS = YES_AGGRESSIVE;
				GCC_WARN_UNUSED_FUNCTION = YES;
				GCC_WARN_UNUSED_VARIABLE = YES;
				MACOSX_DEPLOYMENT_TARGET = 10.15;
				MTL_ENABLE_DEBUG_INFO = NO;
				MTL_FAST_MATH = YES;
				SDKROOT = macosx;
				SWIFT_COMPILATION_MODE = wholemodule;
				SWIFT_OPTIMIZATION_LEVEL = "-O";
			};
			name = Release;
		};
		DEDC893B255A82CD001ACDCA /* Debug */ = {
			isa = XCBuildConfiguration;
			buildSettings = {
				ASSETCATALOG_COMPILER_APPICON_NAME = AppIcon;
				ASSETCATALOG_COMPILER_GLOBAL_ACCENT_COLOR_NAME = AccentColor;
				CODE_SIGN_ENTITLEMENTS = VimPdf/VimPdf.entitlements;
				CODE_SIGN_STYLE = Automatic;
				COMBINE_HIDPI_IMAGES = YES;
				DEVELOPMENT_TEAM = H9N2WPK6UW;
				ENABLE_HARDENED_RUNTIME = YES;
				INFOPLIST_FILE = VimPdf/Info.plist;
				LD_RUNPATH_SEARCH_PATHS = (
					"$(inherited)",
					"@executable_path/../Frameworks",
				);
				PRODUCT_BUNDLE_IDENTIFIER = com.fourfi.VimPdf;
				PRODUCT_NAME = "$(TARGET_NAME)";
				SWIFT_VERSION = 5.0;
			};
			name = Debug;
		};
		DEDC893C255A82CD001ACDCA /* Release */ = {
			isa = XCBuildConfiguration;
			buildSettings = {
				ASSETCATALOG_COMPILER_APPICON_NAME = AppIcon;
				ASSETCATALOG_COMPILER_GLOBAL_ACCENT_COLOR_NAME = AccentColor;
				CODE_SIGN_ENTITLEMENTS = VimPdf/VimPdf.entitlements;
				CODE_SIGN_STYLE = Automatic;
				COMBINE_HIDPI_IMAGES = YES;
				DEVELOPMENT_TEAM = H9N2WPK6UW;
				ENABLE_HARDENED_RUNTIME = YES;
				INFOPLIST_FILE = VimPdf/Info.plist;
				LD_RUNPATH_SEARCH_PATHS = (
					"$(inherited)",
					"@executable_path/../Frameworks",
				);
				PRODUCT_BUNDLE_IDENTIFIER = com.fourfi.VimPdf;
				PRODUCT_NAME = "$(TARGET_NAME)";
				SWIFT_VERSION = 5.0;
			};
			name = Release;
		};
/* End XCBuildConfiguration section */

/* Begin XCConfigurationList section */
		DEDC8922255A82CA001ACDCA /* Build configuration list for PBXProject "VimPdf" */ = {
			isa = XCConfigurationList;
			buildConfigurations = (
				DEDC8938255A82CD001ACDCA /* Debug */,
				DEDC8939255A82CD001ACDCA /* Release */,
			);
			defaultConfigurationIsVisible = 0;
			defaultConfigurationName = Release;
		};
		DEDC893A255A82CD001ACDCA /* Build configuration list for PBXNativeTarget "VimPdf" */ = {
			isa = XCConfigurationList;
			buildConfigurations = (
				DEDC893B255A82CD001ACDCA /* Debug */,
				DEDC893C255A82CD001ACDCA /* Release */,
			);
			defaultConfigurationIsVisible = 0;
			defaultConfigurationName = Release;
		};
/* End XCConfigurationList section */

/* Begin XCVersionGroup section */
		DEDC892E255A82CA001ACDCA /* VimPdf.xcdatamodeld */ = {
			isa = XCVersionGroup;
			children = (
				DEDC892F255A82CA001ACDCA /* VimPdf.xcdatamodel */,
			);
			currentVersion = DEDC892F255A82CA001ACDCA /* VimPdf.xcdatamodel */;
			path = VimPdf.xcdatamodeld;
			sourceTree = "<group>";
			versionGroupType = wrapper.xcdatamodel;
		};
/* End XCVersionGroup section */
	};
	rootObject = DEDC891F255A82CA001ACDCA /* Project object */;
}
